
Microsoft Visual Studio Solution File, Format Version 12.00
# Visual Studio Version 17
VisualStudioVersion = 17.13.35919.96 d17.13
MinimumVisualStudioVersion = 10.0.40219.1
Project("{FAE04EC0-301F-11D3-BF4B-00C04F79EFBC}") = "API_GerenciadorTarefas", "API_GerenciadorTarefas.csproj", "{56D48B2C-B7D9-4997-AE74-B7EC6FCFBBEB}"
EndProject
Project("{FAE04EC0-301F-11D3-BF4B-00C04F79EFBC}") = "Gerenciador.Application", "..\Gerenciador.Application\Gerenciador.Application.csproj", "{CA1CA1FE-69A6-4560-83EF-2038766109DF}"
EndProject
Project("{FAE04EC0-301F-11D3-BF4B-00C04F79EFBC}") = "Gerenciador.Communication", "..\Gerenciador.Communication\Gerenciador.Communication.csproj", "{F25CA1E5-1A78-400A-83E5-73E76917AA07}"
EndProject
Global
	GlobalSection(SolutionConfigurationPlatforms) = preSolution
		Debug|Any CPU = Debug|Any CPU
		Release|Any CPU = Release|Any CPU
	EndGlobalSection
	GlobalSection(ProjectConfigurationPlatforms) = postSolution
		{56D48B2C-B7D9-4997-AE74-B7EC6FCFBBEB}.Debug|Any CPU.ActiveCfg = Debug|Any CPU
		{56D48B2C-B7D9-4997-AE74-B7EC6FCFBBEB}.Debug|Any CPU.Build.0 = Debug|Any CPU
		{56D48B2C-B7D9-4997-AE74-B7EC6FCFBBEB}.Release|Any CPU.ActiveCfg = Release|Any CPU
		{56D48B2C-B7D9-4997-AE74-B7EC6FCFBBEB}.Release|Any CPU.Build.0 = Release|Any CPU
		{CA1CA1FE-69A6-4560-83EF-2038766109DF}.Debug|Any CPU.ActiveCfg = Debug|Any CPU
		{CA1CA1FE-69A6-4560-83EF-2038766109DF}.Debug|Any CPU.Build.0 = Debug|Any CPU
		{CA1CA1FE-69A6-4560-83EF-2038766109DF}.Release|Any CPU.ActiveCfg = Release|Any CPU
		{CA1CA1FE-69A6-4560-83EF-2038766109DF}.Release|Any CPU.Build.0 = Release|Any CPU
		{F25CA1E5-1A78-400A-83E5-73E76917AA07}.Debug|Any CPU.ActiveCfg = Debug|Any CPU
		{F25CA1E5-1A78-400A-83E5-73E76917AA07}.Debug|Any CPU.Build.0 = Debug|Any CPU
		{F25CA1E5-1A78-400A-83E5-73E76917AA07}.Release|Any CPU.ActiveCfg = Release|Any CPU
		{F25CA1E5-1A78-400A-83E5-73E76917AA07}.Release|Any CPU.Build.0 = Release|Any CPU
	EndGlobalSection
	GlobalSection(SolutionProperties) = preSolution
		HideSolutionNode = FALSE
	EndGlobalSection
	GlobalSection(ExtensibilityGlobals) = postSolution
		SolutionGuid = {65DAAD2E-E8D7-469B-B97C-37EADC4483B0}
	EndGlobalSection
EndGlobal
